
Microsoft Visual Studio Solution File, Format Version 12.00
Project("{FAE04EC0-301F-11D3-BF4B-00C04F79EFBC}") = "MonkeyInterpreter.Core", "MonkeyInterpreter.Core\MonkeyInterpreter.Core.csproj", "{112BF8A3-3E6A-4B05-A5D5-5A1A9E8C5BEE}"
EndProject
Project("{FAE04EC0-301F-11D3-BF4B-00C04F79EFBC}") = "MonkeyInterpreter.Tests", "MonkeyInterpreter.Tests\MonkeyInterpreter.Tests.csproj", "{0B1AE76A-3CC9-4D80-9084-9A0013CF74D9}"
EndProject
Project("{FAE04EC0-301F-11D3-BF4B-00C04F79EFBC}") = "MonkeyInterpreter.REPL", "MonkeyInterpreter.REPL\MonkeyInterpreter.REPL.csproj", "{F2C2AEF3-CF80-410D-A3E1-9CF83C524D1C}"
EndProject
Project("{FAE04EC0-301F-11D3-BF4B-00C04F79EFBC}") = "MonkeyInterpreter.CLI", "MonkeyInterpreter.CLI\MonkeyInterpreter.CLI.csproj", "{1CC49FD7-E8AA-497D-925F-773A06439E01}"
EndProject
Project("{FAE04EC0-301F-11D3-BF4B-00C04F79EFBC}") = "MonkeyInterpreter.AST", "MonkeyInterpreter.AST\MonkeyInterpreter.AST.csproj", "{AB78D295-FE37-42B2-B9EF-26043FCDDEB0}"
EndProject
Global
	GlobalSection(SolutionConfigurationPlatforms) = preSolution
		Debug|Any CPU = Debug|Any CPU
		Release|Any CPU = Release|Any CPU
	EndGlobalSection
	GlobalSection(ProjectConfigurationPlatforms) = postSolution
		{112BF8A3-3E6A-4B05-A5D5-5A1A9E8C5BEE}.Debug|Any CPU.ActiveCfg = Debug|Any CPU
		{112BF8A3-3E6A-4B05-A5D5-5A1A9E8C5BEE}.Debug|Any CPU.Build.0 = Debug|Any CPU
		{112BF8A3-3E6A-4B05-A5D5-5A1A9E8C5BEE}.Release|Any CPU.ActiveCfg = Release|Any CPU
		{112BF8A3-3E6A-4B05-A5D5-5A1A9E8C5BEE}.Release|Any CPU.Build.0 = Release|Any CPU
		{0B1AE76A-3CC9-4D80-9084-9A0013CF74D9}.Debug|Any CPU.ActiveCfg = Debug|Any CPU
		{0B1AE76A-3CC9-4D80-9084-9A0013CF74D9}.Debug|Any CPU.Build.0 = Debug|Any CPU
		{0B1AE76A-3CC9-4D80-9084-9A0013CF74D9}.Release|Any CPU.ActiveCfg = Release|Any CPU
		{0B1AE76A-3CC9-4D80-9084-9A0013CF74D9}.Release|Any CPU.Build.0 = Release|Any CPU
		{F2C2AEF3-CF80-410D-A3E1-9CF83C524D1C}.Debug|Any CPU.ActiveCfg = Debug|Any CPU
		{F2C2AEF3-CF80-410D-A3E1-9CF83C524D1C}.Debug|Any CPU.Build.0 = Debug|Any CPU
		{F2C2AEF3-CF80-410D-A3E1-9CF83C524D1C}.Release|Any CPU.ActiveCfg = Release|Any CPU
		{F2C2AEF3-CF80-410D-A3E1-9CF83C524D1C}.Release|Any CPU.Build.0 = Release|Any CPU
		{1CC49FD7-E8AA-497D-925F-773A06439E01}.Debug|Any CPU.ActiveCfg = Debug|Any CPU
		{1CC49FD7-E8AA-497D-925F-773A06439E01}.Debug|Any CPU.Build.0 = Debug|Any CPU
		{1CC49FD7-E8AA-497D-925F-773A06439E01}.Release|Any CPU.ActiveCfg = Release|Any CPU
		{1CC49FD7-E8AA-497D-925F-773A06439E01}.Release|Any CPU.Build.0 = Release|Any CPU
		{AB78D295-FE37-42B2-B9EF-26043FCDDEB0}.Debug|Any CPU.ActiveCfg = Debug|Any CPU
		{AB78D295-FE37-42B2-B9EF-26043FCDDEB0}.Debug|Any CPU.Build.0 = Debug|Any CPU
		{AB78D295-FE37-42B2-B9EF-26043FCDDEB0}.Release|Any CPU.ActiveCfg = Release|Any CPU
		{AB78D295-FE37-42B2-B9EF-26043FCDDEB0}.Release|Any CPU.Build.0 = Release|Any CPU
	EndGlobalSection
EndGlobal
